
Microsoft Visual Studio Solution File, Format Version 12.00
# Visual Studio 2013
VisualStudioVersion = 12.0.30110.0
MinimumVisualStudioVersion = 10.0.40219.1
Project("{FAE04EC0-301F-11D3-BF4B-00C04F79EFBC}") = "ZendeskTicketExporter.Core", "src\ZendeskTicketExporter.Core\ZendeskTicketExporter.Core.csproj", "{60AA5879-B8D1-4289-AD5A-15B87AB1E221}"
EndProject
Project("{2150E333-8FDC-42A3-9474-1A3956D46DE8}") = "test", "test", "{6C6ECEAB-6DC6-4D41-B5C7-8D4582CFA15C}"
EndProject
Project("{FAE04EC0-301F-11D3-BF4B-00C04F79EFBC}") = "ZendeskTicketExporter.Core.Tests", "test\ZendeskTicketExporter.Core.Tests\ZendeskTicketExporter.Core.Tests.csproj", "{02B44DA8-7149-407B-B588-0BDC1E5CD9A1}"
EndProject
Global
	GlobalSection(SolutionConfigurationPlatforms) = preSolution
		Debug|Any CPU = Debug|Any CPU
		Release|Any CPU = Release|Any CPU
	EndGlobalSection
	GlobalSection(ProjectConfigurationPlatforms) = postSolution
		{60AA5879-B8D1-4289-AD5A-15B87AB1E221}.Debug|Any CPU.ActiveCfg = Debug|Any CPU
		{60AA5879-B8D1-4289-AD5A-15B87AB1E221}.Debug|Any CPU.Build.0 = Debug|Any CPU
		{60AA5879-B8D1-4289-AD5A-15B87AB1E221}.Release|Any CPU.ActiveCfg = Release|Any CPU
		{60AA5879-B8D1-4289-AD5A-15B87AB1E221}.Release|Any CPU.Build.0 = Release|Any CPU
		{02B44DA8-7149-407B-B588-0BDC1E5CD9A1}.Debug|Any CPU.ActiveCfg = Debug|Any CPU
		{02B44DA8-7149-407B-B588-0BDC1E5CD9A1}.Debug|Any CPU.Build.0 = Debug|Any CPU
		{02B44DA8-7149-407B-B588-0BDC1E5CD9A1}.Release|Any CPU.ActiveCfg = Release|Any CPU
		{02B44DA8-7149-407B-B588-0BDC1E5CD9A1}.Release|Any CPU.Build.0 = Release|Any CPU
	EndGlobalSection
	GlobalSection(SolutionProperties) = preSolution
		HideSolutionNode = FALSE
	EndGlobalSection
	GlobalSection(NestedProjects) = preSolution
		{02B44DA8-7149-407B-B588-0BDC1E5CD9A1} = {6C6ECEAB-6DC6-4D41-B5C7-8D4582CFA15C}
	EndGlobalSection
EndGlobal
